{
  "lockfileVersion": 1,
  "configVersion": 1,
  "workspaces": {
    "": {
      "name": "onlookai",
      "devDependencies": {
        "prettier": "^3.4.2",
        "turbo": "^2.3.3",
        "typescript": "^5.7.2",
      },
    },
  },
  "packages": {
    "@turbo/darwin-64": ["@turbo/darwin-64@2.9.5", "", { "os": "darwin", "cpu": "x64" }, "sha512-qPxhKsLMQP+9+dsmPgAGidi5uNifD4AoAOnEnljab3Qgn0QZRR31Hp+/CgW3Ia5AanWj6JuLLTBYvuQj4mqTWg=="],

    "@turbo/darwin-arm64": ["@turbo/darwin-arm64@2.9.5", "", { "os": "darwin", "cpu": "arm64" }, "sha512-vkF/9F/l3aWd4bHxTui5Hh0F5xrTZ4e3rbBsc57zA6O8gNbmHN3B6eZ5psAIP2CnJRZ8ZxRjV3WZHeNXMXkPBw=="],

    "@turbo/linux-64": ["@turbo/linux-64@2.9.5", "", { "os": "linux", "cpu": "x64" }, "sha512-z/Get5NUaUxm5HSGFqVMICDRjFNsCUhSc4wnFa/PP1QD0NXCjr7bu9a2EM6md/KMCBW0Qe393Ac+UM7/ryDDTw=="],

    "@turbo/linux-arm64": ["@turbo/linux-arm64@2.9.5", "", { "os": "linux", "cpu": "arm64" }, "sha512-jyBifaNoI5/NheyswomiZXJvjdAdvT7hDRYzQ4meP0DKGvpXUjnqsD+4/J2YSDQ34OHxFkL30FnSCUIVOh2PHw=="],

    "@turbo/windows-64": ["@turbo/windows-64@2.9.5", "", { "os": "win32", "cpu": "x64" }, "sha512-ph24K5uPtvo7UfuyDXnBiB/8XvrO+RQWbbw5zkA/bVNoy9HDiNoIJJj3s62MxT9tjEb6DnPje5PXSz1UR7QAyg=="],

    "@turbo/windows-arm64": ["@turbo/windows-arm64@2.9.5", "", { "os": "win32", "cpu": "arm64" }, "sha512-6c5RccT/+iR39SdT1G5HyZaD2n57W77o+l0TTfxG/cVlhV94Acyg2gTQW7zUOhW1BeQpBjHzu9x8yVBZwrHh7g=="],

    "prettier": ["prettier@3.8.1", "", { "bin": { "prettier": "bin/prettier.cjs" } }, "sha512-UOnG6LftzbdaHZcKoPFtOcCKztrQ57WkHDeRD9t/PTQtmT0NHSeWWepj6pS0z/N7+08BHFDQVUrfmfMRcZwbMg=="],

    "turbo": ["turbo@2.9.5", "", { "optionalDependencies": { "@turbo/darwin-64": "2.9.5", "@turbo/darwin-arm64": "2.9.5", "@turbo/linux-64": "2.9.5", "@turbo/linux-arm64": "2.9.5", "@turbo/windows-64": "2.9.5", "@turbo/windows-arm64": "2.9.5" }, "bin": { "turbo": "bin/turbo" } }, "sha512-JXNkRe6H6MjSlk5UQRTjyoKX5YN2zlc2632xcSlSFBao5yvbMWTpv9SNolOZlZmUlcDOHuszPLItbKrvcXnnZA=="],

    "typescript": ["typescript@5.9.3", "", { "bin": { "tsc": "bin/tsc", "tsserver": "bin/tsserver" } }, "sha512-jl1vZzPDinLr9eUt3J/t7V6FgNEw9QjvBPdysz9KfQDD41fQrC2Y4vKQdiaUpFT4bXlb1RHhLpp8wtm6M5TgSw=="],
  }
}
